
Microsoft Visual Studio Solution File, Format Version 12.00
# Visual Studio Version 17
VisualStudioVersion = 17.4.33205.214
MinimumVisualStudioVersion = 10.0.40219.1
Project("{FAE04EC0-301F-11D3-BF4B-00C04F79EFBC}") = "FluentEmail.API", "FluentEmail.API\FluentEmail.API.csproj", "{2ACFB92F-C4FF-45D9-900E-64ECBE046AD8}"
EndProject
Global
	GlobalSection(SolutionConfigurationPlatforms) = preSolution
		Debug|Any CPU = Debug|Any CPU
		Release|Any CPU = Release|Any CPU
	EndGlobalSection
	GlobalSection(ProjectConfigurationPlatforms) = postSolution
		{2ACFB92F-C4FF-45D9-900E-64ECBE046AD8}.Debug|Any CPU.ActiveCfg = Debug|Any CPU
		{2ACFB92F-C4FF-45D9-900E-64ECBE046AD8}.Debug|Any CPU.Build.0 = Debug|Any CPU
		{2ACFB92F-C4FF-45D9-900E-64ECBE046AD8}.Release|Any CPU.ActiveCfg = Release|Any CPU
		{2ACFB92F-C4FF-45D9-900E-64ECBE046AD8}.Release|Any CPU.Build.0 = Release|Any CPU
	EndGlobalSection
	GlobalSection(SolutionProperties) = preSolution
		HideSolutionNode = FALSE
	EndGlobalSection
	GlobalSection(ExtensibilityGlobals) = postSolution
		SolutionGuid = {F67EB8C4-106F-47FB-9FCA-536D0AA4E490}
	EndGlobalSection
EndGlobal
